
Microsoft Visual Studio Solution File, Format Version 12.00
# Visual Studio Version 17
VisualStudioVersion = 17.5.33530.505
MinimumVisualStudioVersion = 10.0.40219.1
Project("{9A19103F-16F7-4668-BE54-9A1E7A4F7556}") = "SoftUniReception", "SoftUniReception\SoftUniReception.csproj", "{99217D47-58B4-4596-BE42-7E86F4F0C836}"
EndProject
Project("{9A19103F-16F7-4668-BE54-9A1E7A4F7556}") = "ArrayModifier", "ArrayModifier\ArrayModifier.csproj", "{0154548D-295F-48F2-9D40-C8D01810CE6B}"
EndProject
Project("{9A19103F-16F7-4668-BE54-9A1E7A4F7556}") = "Numbers", "Numbers\Numbers.csproj", "{0BAEFF30-9538-4057-90C9-4755B7B0D855}"
EndProject
Project("{9A19103F-16F7-4668-BE54-9A1E7A4F7556}") = "ComputerStore", "ComputerStore\ComputerStore.csproj", "{381D0509-122A-4328-B897-E9C9CA4B0360}"
EndProject
Project("{9A19103F-16F7-4668-BE54-9A1E7A4F7556}") = "CounterStrike", "CounterStrike\CounterStrike.csproj", "{CD07674D-B46A-4F28-B9A5-48C44FFD4977}"
EndProject
Project("{9A19103F-16F7-4668-BE54-9A1E7A4F7556}") = "TheLift", "TheLift\TheLift.csproj", "{D65F65FD-3FF7-4431-BAE0-738602AD7A62}"
EndProject
Project("{9A19103F-16F7-4668-BE54-9A1E7A4F7556}") = "MemoryGame", "MemoryGame\MemoryGame.csproj", "{40042199-DF66-407B-BBB4-F3457A194033}"
EndProject
Project("{9A19103F-16F7-4668-BE54-9A1E7A4F7556}") = "ShooForTheWin", "ShooForTheWin\ShooForTheWin.csproj", "{385E2F04-B6BD-4208-9E48-500DC44CEDE8}"
EndProject
Project("{9A19103F-16F7-4668-BE54-9A1E7A4F7556}") = "MovingTarget", "MovingTarget\MovingTarget.csproj", "{B588E4F4-F716-4F25-86BC-02080214F857}"
EndProject
Project("{9A19103F-16F7-4668-BE54-9A1E7A4F7556}") = "GuineaPig", "GuineaPig\GuineaPig.csproj", "{10200A77-B77C-47D6-8496-3CA86333F9E9}"
EndProject
Project("{FAE04EC0-301F-11D3-BF4B-00C04F79EFBC}") = "HeartDelivery", "HeartDelivery\HeartDelivery.csproj", "{3CEE6852-C4C5-42F2-A39F-B1C49F4B5BC7}"
EndProject
Project("{FAE04EC0-301F-11D3-BF4B-00C04F79EFBC}") = "ShoppingList", "ShoppingList\ShoppingList.csproj", "{E3FF8CBC-FA56-4956-9EDC-9267719CB2C5}"
EndProject
Global
	GlobalSection(SolutionConfigurationPlatforms) = preSolution
		Debug|Any CPU = Debug|Any CPU
		Release|Any CPU = Release|Any CPU
	EndGlobalSection
	GlobalSection(ProjectConfigurationPlatforms) = postSolution
		{99217D47-58B4-4596-BE42-7E86F4F0C836}.Debug|Any CPU.ActiveCfg = Debug|Any CPU
		{99217D47-58B4-4596-BE42-7E86F4F0C836}.Debug|Any CPU.Build.0 = Debug|Any CPU
		{99217D47-58B4-4596-BE42-7E86F4F0C836}.Release|Any CPU.ActiveCfg = Release|Any CPU
		{99217D47-58B4-4596-BE42-7E86F4F0C836}.Release|Any CPU.Build.0 = Release|Any CPU
		{0154548D-295F-48F2-9D40-C8D01810CE6B}.Debug|Any CPU.ActiveCfg = Debug|Any CPU
		{0154548D-295F-48F2-9D40-C8D01810CE6B}.Debug|Any CPU.Build.0 = Debug|Any CPU
		{0154548D-295F-48F2-9D40-C8D01810CE6B}.Release|Any CPU.ActiveCfg = Release|Any CPU
		{0154548D-295F-48F2-9D40-C8D01810CE6B}.Release|Any CPU.Build.0 = Release|Any CPU
		{0BAEFF30-9538-4057-90C9-4755B7B0D855}.Debug|Any CPU.ActiveCfg = Debug|Any CPU
		{0BAEFF30-9538-4057-90C9-4755B7B0D855}.Debug|Any CPU.Build.0 = Debug|Any CPU
		{0BAEFF30-9538-4057-90C9-4755B7B0D855}.Release|Any CPU.ActiveCfg = Release|Any CPU
		{0BAEFF30-9538-4057-90C9-4755B7B0D855}.Release|Any CPU.Build.0 = Release|Any CPU
		{381D0509-122A-4328-B897-E9C9CA4B0360}.Debug|Any CPU.ActiveCfg = Debug|Any CPU
		{381D0509-122A-4328-B897-E9C9CA4B0360}.Debug|Any CPU.Build.0 = Debug|Any CPU
		{381D0509-122A-4328-B897-E9C9CA4B0360}.Release|Any CPU.ActiveCfg = Release|Any CPU
		{381D0509-122A-4328-B897-E9C9CA4B0360}.Release|Any CPU.Build.0 = Release|Any CPU
		{CD07674D-B46A-4F28-B9A5-48C44FFD4977}.Debug|Any CPU.ActiveCfg = Debug|Any CPU
		{CD07674D-B46A-4F28-B9A5-48C44FFD4977}.Debug|Any CPU.Build.0 = Debug|Any CPU
		{CD07674D-B46A-4F28-B9A5-48C44FFD4977}.Release|Any CPU.ActiveCfg = Release|Any CPU
		{CD07674D-B46A-4F28-B9A5-48C44FFD4977}.Release|Any CPU.Build.0 = Release|Any CPU
		{D65F65FD-3FF7-4431-BAE0-738602AD7A62}.Debug|Any CPU.ActiveCfg = Debug|Any CPU
		{D65F65FD-3FF7-4431-BAE0-738602AD7A62}.Debug|Any CPU.Build.0 = Debug|Any CPU
		{D65F65FD-3FF7-4431-BAE0-738602AD7A62}.Release|Any CPU.ActiveCfg = Release|Any CPU
		{D65F65FD-3FF7-4431-BAE0-738602AD7A62}.Release|Any CPU.Build.0 = Release|Any CPU
		{40042199-DF66-407B-BBB4-F3457A194033}.Debug|Any CPU.ActiveCfg = Debug|Any CPU
		{40042199-DF66-407B-BBB4-F3457A194033}.Debug|Any CPU.Build.0 = Debug|Any CPU
		{40042199-DF66-407B-BBB4-F3457A194033}.Release|Any CPU.ActiveCfg = Release|Any CPU
		{40042199-DF66-407B-BBB4-F3457A194033}.Release|Any CPU.Build.0 = Release|Any CPU
		{385E2F04-B6BD-4208-9E48-500DC44CEDE8}.Debug|Any CPU.ActiveCfg = Debug|Any CPU
		{385E2F04-B6BD-4208-9E48-500DC44CEDE8}.Debug|Any CPU.Build.0 = Debug|Any CPU
		{385E2F04-B6BD-4208-9E48-500DC44CEDE8}.Release|Any CPU.ActiveCfg = Release|Any CPU
		{385E2F04-B6BD-4208-9E48-500DC44CEDE8}.Release|Any CPU.Build.0 = Release|Any CPU
		{B588E4F4-F716-4F25-86BC-02080214F857}.Debug|Any CPU.ActiveCfg = Debug|Any CPU
		{B588E4F4-F716-4F25-86BC-02080214F857}.Debug|Any CPU.Build.0 = Debug|Any CPU
		{B588E4F4-F716-4F25-86BC-02080214F857}.Release|Any CPU.ActiveCfg = Release|Any CPU
		{B588E4F4-F716-4F25-86BC-02080214F857}.Release|Any CPU.Build.0 = Release|Any CPU
		{10200A77-B77C-47D6-8496-3CA86333F9E9}.Debug|Any CPU.ActiveCfg = Debug|Any CPU
		{10200A77-B77C-47D6-8496-3CA86333F9E9}.Debug|Any CPU.Build.0 = Debug|Any CPU
		{10200A77-B77C-47D6-8496-3CA86333F9E9}.Release|Any CPU.ActiveCfg = Release|Any CPU
		{10200A77-B77C-47D6-8496-3CA86333F9E9}.Release|Any CPU.Build.0 = Release|Any CPU
		{3CEE6852-C4C5-42F2-A39F-B1C49F4B5BC7}.Debug|Any CPU.ActiveCfg = Debug|Any CPU
		{3CEE6852-C4C5-42F2-A39F-B1C49F4B5BC7}.Debug|Any CPU.Build.0 = Debug|Any CPU
		{3CEE6852-C4C5-42F2-A39F-B1C49F4B5BC7}.Release|Any CPU.ActiveCfg = Release|Any CPU
		{3CEE6852-C4C5-42F2-A39F-B1C49F4B5BC7}.Release|Any CPU.Build.0 = Release|Any CPU
		{E3FF8CBC-FA56-4956-9EDC-9267719CB2C5}.Debug|Any CPU.ActiveCfg = Debug|Any CPU
		{E3FF8CBC-FA56-4956-9EDC-9267719CB2C5}.Debug|Any CPU.Build.0 = Debug|Any CPU
		{E3FF8CBC-FA56-4956-9EDC-9267719CB2C5}.Release|Any CPU.ActiveCfg = Release|Any CPU
		{E3FF8CBC-FA56-4956-9EDC-9267719CB2C5}.Release|Any CPU.Build.0 = Release|Any CPU
	EndGlobalSection
	GlobalSection(SolutionProperties) = preSolution
		HideSolutionNode = FALSE
	EndGlobalSection
	GlobalSection(ExtensibilityGlobals) = postSolution
		SolutionGuid = {4FAF6465-C918-4789-ACD2-B865B536C6B1}
	EndGlobalSection
EndGlobal
